
Microsoft Visual Studio Solution File, Format Version 12.00
# Visual Studio Version 17
VisualStudioVersion = 17.0.31903.59
MinimumVisualStudioVersion = 10.0.40219.1
Project("{FAE04EC0-301F-11D3-BF4B-00C04F79EFBC}") = "FIAP_CloudGames.Domain", "src\FIAP_CloudGames.Domain\FIAP_CloudGames.Domain.csproj", "{1AB591CD-1AD9-4A21-8792-88AB6E9FCF8D}"
EndProject
Project("{FAE04EC0-301F-11D3-BF4B-00C04F79EFBC}") = "FIAP_CloudGames.Infrastructure", "src\FIAP_CloudGames.Infrastructure\FIAP_CloudGames.Infrastructure.csproj", "{4622ACFA-FF01-4C6A-ADEC-B313A5BF3DAD}"
EndProject
Project("{FAE04EC0-301F-11D3-BF4B-00C04F79EFBC}") = "FIAP_CloudGames.API", "src\FIAP_CloudGames.API\FIAP_CloudGames.API.csproj", "{7413DE47-9A39-4ECC-9803-6F6234A9E420}"
EndProject
Project("{FAE04EC0-301F-11D3-BF4B-00C04F79EFBC}") = "FIAP_CloudGames.Tests", "tests\FIAP_CloudGames.Tests\FIAP_CloudGames.Tests.csproj", "{0FD2F34B-ED7A-44EC-897C-52F149E9F9CA}"
EndProject
Project("{2150E333-8FDC-42A3-9474-1A3956D46DE8}") = "01 - App", "01 - App", "{BAF71C23-DC65-4539-9521-618462BCC18B}"
EndProject
Project("{2150E333-8FDC-42A3-9474-1A3956D46DE8}") = "02 - Tests", "02 - Tests", "{A4569AAA-961D-4153-A435-EBA2CEFB20C2}"
EndProject
Project("{2150E333-8FDC-42A3-9474-1A3956D46DE8}") = "03 - Items", "03 - Items", "{764E70EA-62B0-42B0-AFB0-391C1FAC5F16}"
	ProjectSection(SolutionItems) = preProject
		.gitignore = .gitignore
		README.md = README.md
		LICENSE = LICENSE
		codecov.yml = codecov.yml
		.github\workflows\build_and_test.yml = .github\workflows\build_and_test.yml
		coverlet.runsettings = coverlet.runsettings
		.github\workflows\publish_docker.yml = .github\workflows\publish_docker.yml
		.env = .env
	EndProjectSection
EndProject
Global
	GlobalSection(SolutionConfigurationPlatforms) = preSolution
		Debug|Any CPU = Debug|Any CPU
		Release|Any CPU = Release|Any CPU
	EndGlobalSection
	GlobalSection(SolutionProperties) = preSolution
		HideSolutionNode = FALSE
	EndGlobalSection
	GlobalSection(ProjectConfigurationPlatforms) = postSolution
		{1AB591CD-1AD9-4A21-8792-88AB6E9FCF8D}.Debug|Any CPU.ActiveCfg = Debug|Any CPU
		{1AB591CD-1AD9-4A21-8792-88AB6E9FCF8D}.Debug|Any CPU.Build.0 = Debug|Any CPU
		{1AB591CD-1AD9-4A21-8792-88AB6E9FCF8D}.Release|Any CPU.ActiveCfg = Release|Any CPU
		{1AB591CD-1AD9-4A21-8792-88AB6E9FCF8D}.Release|Any CPU.Build.0 = Release|Any CPU
		{4622ACFA-FF01-4C6A-ADEC-B313A5BF3DAD}.Debug|Any CPU.ActiveCfg = Debug|Any CPU
		{4622ACFA-FF01-4C6A-ADEC-B313A5BF3DAD}.Debug|Any CPU.Build.0 = Debug|Any CPU
		{4622ACFA-FF01-4C6A-ADEC-B313A5BF3DAD}.Release|Any CPU.ActiveCfg = Release|Any CPU
		{4622ACFA-FF01-4C6A-ADEC-B313A5BF3DAD}.Release|Any CPU.Build.0 = Release|Any CPU
		{7413DE47-9A39-4ECC-9803-6F6234A9E420}.Debug|Any CPU.ActiveCfg = Debug|Any CPU
		{7413DE47-9A39-4ECC-9803-6F6234A9E420}.Debug|Any CPU.Build.0 = Debug|Any CPU
		{7413DE47-9A39-4ECC-9803-6F6234A9E420}.Release|Any CPU.ActiveCfg = Release|Any CPU
		{7413DE47-9A39-4ECC-9803-6F6234A9E420}.Release|Any CPU.Build.0 = Release|Any CPU
		{0FD2F34B-ED7A-44EC-897C-52F149E9F9CA}.Debug|Any CPU.ActiveCfg = Debug|Any CPU
		{0FD2F34B-ED7A-44EC-897C-52F149E9F9CA}.Debug|Any CPU.Build.0 = Debug|Any CPU
		{0FD2F34B-ED7A-44EC-897C-52F149E9F9CA}.Release|Any CPU.ActiveCfg = Release|Any CPU
		{0FD2F34B-ED7A-44EC-897C-52F149E9F9CA}.Release|Any CPU.Build.0 = Release|Any CPU
	EndGlobalSection
	GlobalSection(NestedProjects) = preSolution
		{7413DE47-9A39-4ECC-9803-6F6234A9E420} = {BAF71C23-DC65-4539-9521-618462BCC18B}
		{1AB591CD-1AD9-4A21-8792-88AB6E9FCF8D} = {BAF71C23-DC65-4539-9521-618462BCC18B}
		{4622ACFA-FF01-4C6A-ADEC-B313A5BF3DAD} = {BAF71C23-DC65-4539-9521-618462BCC18B}
		{0FD2F34B-ED7A-44EC-897C-52F149E9F9CA} = {A4569AAA-961D-4153-A435-EBA2CEFB20C2}
	EndGlobalSection
EndGlobal
